// !$*UTF8*$!
{
	archiveVersion = 1;
	classes = {
	};
	objectVersion = 77;
	objects = {

/* Begin PBXBuildFile section */
		08FF5B592CE4AABA00A1F7FC /* URLs.swift in Sources */ = {isa = PBXBuildFile; fileRef = 08FF5B582CE4AABA00A1F7FC /* URLs.swift */; };
		08FF5B5B2CE4AF1400A1F7FC /* RadixConversionUtilities.swift in Sources */ = {isa = PBXBuildFile; fileRef = 08FF5B5A2CE4AF1400A1F7FC /* RadixConversionUtilities.swift */; };
		08FF5B5D2CE4C2EB00A1F7FC /* RadixConversionSet+RadixConversion.swift in Sources */ = {isa = PBXBuildFile; fileRef = 08FF5B5C2CE4C2EB00A1F7FC /* RadixConversionSet+RadixConversion.swift */; };
		08FF5B5F2CE4C77B00A1F7FC /* RadixConversionList.swift in Sources */ = {isa = PBXBuildFile; fileRef = 08FF5B5E2CE4C77B00A1F7FC /* RadixConversionList.swift */; };
		08FF5B612CE4C9FB00A1F7FC /* RadixSelector.swift in Sources */ = {isa = PBXBuildFile; fileRef = 08FF5B602CE4C9FB00A1F7FC /* RadixSelector.swift */; };
		08FFBBCC2CE3B28800588896 /* Preview Assets.xcassets in Resources */ = {isa = PBXBuildFile; fileRef = 08FFBBB52CE3B28800588896 /* Preview Assets.xcassets */; };
		08FFBBCD2CE3B28800588896 /* Assets.xcassets in Resources */ = {isa = PBXBuildFile; fileRef = 08FFBBC82CE3B28800588896 /* Assets.xcassets */; };
		08FFBBCE2CE3B28800588896 /* Localizable.xcstrings in Resources */ = {isa = PBXBuildFile; fileRef = 08FFBBCA2CE3B28800588896 /* Localizable.xcstrings */; };
		08FFBBCF2CE3B28800588896 /* BasebookApp.swift in Sources */ = {isa = PBXBuildFile; fileRef = 08FFBBA82CE3B28800588896 /* BasebookApp.swift */; };
		08FFBBD02CE3B28800588896 /* ConversionError.swift in Sources */ = {isa = PBXBuildFile; fileRef = 08FFBBAA2CE3B28800588896 /* ConversionError.swift */; };
		08FFBBD12CE3B28800588896 /* Radix.swift in Sources */ = {isa = PBXBuildFile; fileRef = 08FFBBAB2CE3B28800588896 /* Radix.swift */; };
		08FFBBD22CE3B28800588896 /* Date+Format.swift in Sources */ = {isa = PBXBuildFile; fileRef = 08FFBBAD2CE3B28800588896 /* Date+Format.swift */; };
		08FFBBD32CE3B28800588896 /* View+Gradient.swift in Sources */ = {isa = PBXBuildFile; fileRef = 08FFBBAE2CE3B28800588896 /* View+Gradient.swift */; };
		08FFBBD42CE3B28800588896 /* RadixConversion.swift in Sources */ = {isa = PBXBuildFile; fileRef = 08FFBBB02CE3B28800588896 /* RadixConversion.swift */; };
		08FFBBD52CE3B28800588896 /* RadixConversionSet.swift in Sources */ = {isa = PBXBuildFile; fileRef = 08FFBBB12CE3B28800588896 /* RadixConversionSet.swift */; };
		08FFBBD62CE3B28800588896 /* RadixConversionSet+SampleData.swift in Sources */ = {isa = PBXBuildFile; fileRef = 08FFBBB22CE3B28800588896 /* RadixConversionSet+SampleData.swift */; };
		08FFBBD72CE3B28800588896 /* RadixConverter.swift in Sources */ = {isa = PBXBuildFile; fileRef = 08FFBBB32CE3B28800588896 /* RadixConverter.swift */; };
		08FFBBD92CE3B28800588896 /* PrimaryGradientBackground.swift in Sources */ = {isa = PBXBuildFile; fileRef = 08FFBBB82CE3B28800588896 /* PrimaryGradientBackground.swift */; };
		08FFBBDA2CE3B28800588896 /* SampleData.swift in Sources */ = {isa = PBXBuildFile; fileRef = 08FFBBB92CE3B28800588896 /* SampleData.swift */; };
		08FFBBDB2CE3B28800588896 /* SecondaryGradientBackground.swift in Sources */ = {isa = PBXBuildFile; fileRef = 08FFBBBA2CE3B28800588896 /* SecondaryGradientBackground.swift */; };
		08FFBBDD2CE3B28800588896 /* ContentView.swift in Sources */ = {isa = PBXBuildFile; fileRef = 08FFBBBE2CE3B28800588896 /* ContentView.swift */; };
		08FFBBDE2CE3B28800588896 /* RadixConversionListEmpty.swift in Sources */ = {isa = PBXBuildFile; fileRef = 08FFBBBF2CE3B28800588896 /* RadixConversionListEmpty.swift */; };
		08FFBBDF2CE3B28800588896 /* HistoryList.swift in Sources */ = {isa = PBXBuildFile; fileRef = 08FFBBC02CE3B28800588896 /* HistoryList.swift */; };
		08FFBBE02CE3B28800588896 /* HistoryListRow.swift in Sources */ = {isa = PBXBuildFile; fileRef = 08FFBBC12CE3B28800588896 /* HistoryListRow.swift */; };
		08FFBBE12CE3B28800588896 /* ListRow.swift in Sources */ = {isa = PBXBuildFile; fileRef = 08FFBBC22CE3B28800588896 /* ListRow.swift */; };
		08FFBBE22CE3B28800588896 /* HistoryListSectionHeader.swift in Sources */ = {isa = PBXBuildFile; fileRef = 08FFBBC32CE3B28800588896 /* HistoryListSectionHeader.swift */; };
		08FFBBE32CE3B28800588896 /* Support.swift in Sources */ = {isa = PBXBuildFile; fileRef = 08FFBBC42CE3B28800588896 /* Support.swift */; };
		08FFBBE42CE3B28800588896 /* Welcome.swift in Sources */ = {isa = PBXBuildFile; fileRef = 08FFBBC52CE3B28800588896 /* Welcome.swift */; };
		08FFBBE52CE3B28800588896 /* WhatsNew.swift in Sources */ = {isa = PBXBuildFile; fileRef = 08FFBBC62CE3B28800588896 /* WhatsNew.swift */; };
		08FFBBEA2CE3B28E00588896 /* BasebookTests.swift in Sources */ = {isa = PBXBuildFile; fileRef = 08FFBBE62CE3B28E00588896 /* BasebookTests.swift */; };
		08FFBBEB2CE3B28E00588896 /* ConversionsViewModelTests.swift in Sources */ = {isa = PBXBuildFile; fileRef = 08FFBBE72CE3B28E00588896 /* ConversionsViewModelTests.swift */; };
		08FFBBEC2CE3B28E00588896 /* RadixConverterTests.swift in Sources */ = {isa = PBXBuildFile; fileRef = 08FFBBE82CE3B28E00588896 /* RadixConverterTests.swift */; };
/* End PBXBuildFile section */

/* Begin PBXContainerItemProxy section */
		08AFD3FC2CCF915200564AFF /* PBXContainerItemProxy */ = {
			isa = PBXContainerItemProxy;
			containerPortal = 08AFD3C82CCCF10E00564AFF /* Project object */;
			proxyType = 1;
			remoteGlobalIDString = 08AFD3CF2CCCF10E00564AFF;
			remoteInfo = Basebook;
		};
/* End PBXContainerItemProxy section */

/* Begin PBXFileReference section */
		08AFD3D02CCCF10E00564AFF /* Basebook.app */ = {isa = PBXFileReference; explicitFileType = wrapper.application; includeInIndex = 0; path = Basebook.app; sourceTree = BUILT_PRODUCTS_DIR; };
		08AFD3F82CCF915200564AFF /* BasebookTests.xctest */ = {isa = PBXFileReference; explicitFileType = wrapper.cfbundle; includeInIndex = 0; path = BasebookTests.xctest; sourceTree = BUILT_PRODUCTS_DIR; };
		08FF5B582CE4AABA00A1F7FC /* URLs.swift */ = {isa = PBXFileReference; lastKnownFileType = sourcecode.swift; path = URLs.swift; sourceTree = "<group>"; };
		08FF5B5A2CE4AF1400A1F7FC /* RadixConversionUtilities.swift */ = {isa = PBXFileReference; lastKnownFileType = sourcecode.swift; path = RadixConversionUtilities.swift; sourceTree = "<group>"; };
		08FF5B5C2CE4C2EB00A1F7FC /* RadixConversionSet+RadixConversion.swift */ = {isa = PBXFileReference; lastKnownFileType = sourcecode.swift; path = "RadixConversionSet+RadixConversion.swift"; sourceTree = "<group>"; };
		08FF5B5E2CE4C77B00A1F7FC /* RadixConversionList.swift */ = {isa = PBXFileReference; lastKnownFileType = sourcecode.swift; path = RadixConversionList.swift; sourceTree = "<group>"; };
		08FF5B602CE4C9FB00A1F7FC /* RadixSelector.swift */ = {isa = PBXFileReference; lastKnownFileType = sourcecode.swift; path = RadixSelector.swift; sourceTree = "<group>"; };
		08FFBBA82CE3B28800588896 /* BasebookApp.swift */ = {isa = PBXFileReference; lastKnownFileType = sourcecode.swift; path = BasebookApp.swift; sourceTree = "<group>"; };
		08FFBBAA2CE3B28800588896 /* ConversionError.swift */ = {isa = PBXFileReference; lastKnownFileType = sourcecode.swift; path = ConversionError.swift; sourceTree = "<group>"; };
		08FFBBAB2CE3B28800588896 /* Radix.swift */ = {isa = PBXFileReference; lastKnownFileType = sourcecode.swift; path = Radix.swift; sourceTree = "<group>"; };
		08FFBBAD2CE3B28800588896 /* Date+Format.swift */ = {isa = PBXFileReference; lastKnownFileType = sourcecode.swift; path = "Date+Format.swift"; sourceTree = "<group>"; };
		08FFBBAE2CE3B28800588896 /* View+Gradient.swift */ = {isa = PBXFileReference; lastKnownFileType = sourcecode.swift; path = "View+Gradient.swift"; sourceTree = "<group>"; };
		08FFBBB02CE3B28800588896 /* RadixConversion.swift */ = {isa = PBXFileReference; lastKnownFileType = sourcecode.swift; path = RadixConversion.swift; sourceTree = "<group>"; };
		08FFBBB12CE3B28800588896 /* RadixConversionSet.swift */ = {isa = PBXFileReference; lastKnownFileType = sourcecode.swift; path = RadixConversionSet.swift; sourceTree = "<group>"; };
		08FFBBB22CE3B28800588896 /* RadixConversionSet+SampleData.swift */ = {isa = PBXFileReference; lastKnownFileType = sourcecode.swift; path = "RadixConversionSet+SampleData.swift"; sourceTree = "<group>"; };
		08FFBBB32CE3B28800588896 /* RadixConverter.swift */ = {isa = PBXFileReference; lastKnownFileType = sourcecode.swift; path = RadixConverter.swift; sourceTree = "<group>"; };
		08FFBBB52CE3B28800588896 /* Preview Assets.xcassets */ = {isa = PBXFileReference; lastKnownFileType = folder.assetcatalog; path = "Preview Assets.xcassets"; sourceTree = "<group>"; };
		08FFBBB82CE3B28800588896 /* PrimaryGradientBackground.swift */ = {isa = PBXFileReference; lastKnownFileType = sourcecode.swift; path = PrimaryGradientBackground.swift; sourceTree = "<group>"; };
		08FFBBB92CE3B28800588896 /* SampleData.swift */ = {isa = PBXFileReference; lastKnownFileType = sourcecode.swift; path = SampleData.swift; sourceTree = "<group>"; };
		08FFBBBA2CE3B28800588896 /* SecondaryGradientBackground.swift */ = {isa = PBXFileReference; lastKnownFileType = sourcecode.swift; path = SecondaryGradientBackground.swift; sourceTree = "<group>"; };
		08FFBBBE2CE3B28800588896 /* ContentView.swift */ = {isa = PBXFileReference; lastKnownFileType = sourcecode.swift; path = ContentView.swift; sourceTree = "<group>"; };
		08FFBBBF2CE3B28800588896 /* RadixConversionListEmpty.swift */ = {isa = PBXFileReference; lastKnownFileType = sourcecode.swift; path = RadixConversionListEmpty.swift; sourceTree = "<group>"; };
		08FFBBC02CE3B28800588896 /* HistoryList.swift */ = {isa = PBXFileReference; lastKnownFileType = sourcecode.swift; path = HistoryList.swift; sourceTree = "<group>"; };
		08FFBBC12CE3B28800588896 /* HistoryListRow.swift */ = {isa = PBXFileReference; lastKnownFileType = sourcecode.swift; path = HistoryListRow.swift; sourceTree = "<group>"; };
		08FFBBC22CE3B28800588896 /* ListRow.swift */ = {isa = PBXFileReference; lastKnownFileType = sourcecode.swift; path = ListRow.swift; sourceTree = "<group>"; };
		08FFBBC32CE3B28800588896 /* HistoryListSectionHeader.swift */ = {isa = PBXFileReference; lastKnownFileType = sourcecode.swift; path = HistoryListSectionHeader.swift; sourceTree = "<group>"; };
		08FFBBC42CE3B28800588896 /* Support.swift */ = {isa = PBXFileReference; lastKnownFileType = sourcecode.swift; path = Support.swift; sourceTree = "<group>"; };
		08FFBBC52CE3B28800588896 /* Welcome.swift */ = {isa = PBXFileReference; lastKnownFileType = sourcecode.swift; path = Welcome.swift; sourceTree = "<group>"; };
		08FFBBC62CE3B28800588896 /* WhatsNew.swift */ = {isa = PBXFileReference; lastKnownFileType = sourcecode.swift; path = WhatsNew.swift; sourceTree = "<group>"; };
		08FFBBC82CE3B28800588896 /* Assets.xcassets */ = {isa = PBXFileReference; lastKnownFileType = folder.assetcatalog; path = Assets.xcassets; sourceTree = "<group>"; };
		08FFBBC92CE3B28800588896 /* Basebook.entitlements */ = {isa = PBXFileReference; lastKnownFileType = text.plist.entitlements; path = Basebook.entitlements; sourceTree = "<group>"; };
		08FFBBCA2CE3B28800588896 /* Localizable.xcstrings */ = {isa = PBXFileReference; lastKnownFileType = text.json.xcstrings; path = Localizable.xcstrings; sourceTree = "<group>"; };
		08FFBBE62CE3B28E00588896 /* BasebookTests.swift */ = {isa = PBXFileReference; lastKnownFileType = sourcecode.swift; path = BasebookTests.swift; sourceTree = "<group>"; };
		08FFBBE72CE3B28E00588896 /* ConversionsViewModelTests.swift */ = {isa = PBXFileReference; lastKnownFileType = sourcecode.swift; path = ConversionsViewModelTests.swift; sourceTree = "<group>"; };
		08FFBBE82CE3B28E00588896 /* RadixConverterTests.swift */ = {isa = PBXFileReference; lastKnownFileType = sourcecode.swift; path = RadixConverterTests.swift; sourceTree = "<group>"; };
/* End PBXFileReference section */

/* Begin PBXFrameworksBuildPhase section */
		08AFD3CD2CCCF10E00564AFF /* Frameworks */ = {
			isa = PBXFrameworksBuildPhase;
			buildActionMask = 2147483647;
			files = (
			);
			runOnlyForDeploymentPostprocessing = 0;
		};
		08AFD3F52CCF915200564AFF /* Frameworks */ = {
			isa = PBXFrameworksBuildPhase;
			buildActionMask = 2147483647;
			files = (
			);
			runOnlyForDeploymentPostprocessing = 0;
		};
/* End PBXFrameworksBuildPhase section */

/* Begin PBXGroup section */
		08AFD3C72CCCF10E00564AFF = {
			isa = PBXGroup;
			children = (
				08FFBBCB2CE3B28800588896 /* Basebook */,
				08FFBBE92CE3B28E00588896 /* BasebookTests */,
				08AFD3D12CCCF10E00564AFF /* Products */,
			);
			sourceTree = "<group>";
		};
		08AFD3D12CCCF10E00564AFF /* Products */ = {
			isa = PBXGroup;
			children = (
				08AFD3D02CCCF10E00564AFF /* Basebook.app */,
				08AFD3F82CCF915200564AFF /* BasebookTests.xctest */,
			);
			name = Products;
			sourceTree = "<group>";
		};
		08FFBBA92CE3B28800588896 /* Apps */ = {
			isa = PBXGroup;
			children = (
				08FFBBA82CE3B28800588896 /* BasebookApp.swift */,
			);
			path = Apps;
			sourceTree = "<group>";
		};
		08FFBBAC2CE3B28800588896 /* Enums */ = {
			isa = PBXGroup;
			children = (
				08FFBBAA2CE3B28800588896 /* ConversionError.swift */,
				08FFBBAB2CE3B28800588896 /* Radix.swift */,
				08FF5B5A2CE4AF1400A1F7FC /* RadixConversionUtilities.swift */,
				08FF5B582CE4AABA00A1F7FC /* URLs.swift */,
			);
			path = Enums;
			sourceTree = "<group>";
		};
		08FFBBAF2CE3B28800588896 /* Extensions */ = {
			isa = PBXGroup;
			children = (
				08FFBBAD2CE3B28800588896 /* Date+Format.swift */,
				08FF5B5C2CE4C2EB00A1F7FC /* RadixConversionSet+RadixConversion.swift */,
				08FFBBB22CE3B28800588896 /* RadixConversionSet+SampleData.swift */,
				08FFBBAE2CE3B28800588896 /* View+Gradient.swift */,
			);
			path = Extensions;
			sourceTree = "<group>";
		};
		08FFBBB42CE3B28800588896 /* Models */ = {
			isa = PBXGroup;
			children = (
				08FFBBB02CE3B28800588896 /* RadixConversion.swift */,
				08FFBBB12CE3B28800588896 /* RadixConversionSet.swift */,
			);
			path = Models;
			sourceTree = "<group>";
		};
		08FFBBB62CE3B28800588896 /* Preview Content */ = {
			isa = PBXGroup;
			children = (
				08FFBBB52CE3B28800588896 /* Preview Assets.xcassets */,
			);
			path = "Preview Content";
			sourceTree = "<group>";
		};
		08FFBBBB2CE3B28800588896 /* Utilities */ = {
			isa = PBXGroup;
			children = (
				08FFBBB82CE3B28800588896 /* PrimaryGradientBackground.swift */,
				08FFBBB32CE3B28800588896 /* RadixConverter.swift */,
				08FFBBB92CE3B28800588896 /* SampleData.swift */,
				08FFBBBA2CE3B28800588896 /* SecondaryGradientBackground.swift */,
			);
			path = Utilities;
			sourceTree = "<group>";
		};
		08FFBBC72CE3B28800588896 /* Views */ = {
			isa = PBXGroup;
			children = (
				08FFBBBE2CE3B28800588896 /* ContentView.swift */,
				08FFBBC02CE3B28800588896 /* HistoryList.swift */,
				08FFBBC12CE3B28800588896 /* HistoryListRow.swift */,
				08FFBBC32CE3B28800588896 /* HistoryListSectionHeader.swift */,
				08FFBBC22CE3B28800588896 /* ListRow.swift */,
				08FF5B5E2CE4C77B00A1F7FC /* RadixConversionList.swift */,
				08FFBBBF2CE3B28800588896 /* RadixConversionListEmpty.swift */,
				08FF5B602CE4C9FB00A1F7FC /* RadixSelector.swift */,
				08FFBBC42CE3B28800588896 /* Support.swift */,
				08FFBBC52CE3B28800588896 /* Welcome.swift */,
				08FFBBC62CE3B28800588896 /* WhatsNew.swift */,
			);
			path = Views;
			sourceTree = "<group>";
		};
		08FFBBCB2CE3B28800588896 /* Basebook */ = {
			isa = PBXGroup;
			children = (
				08FFBBA92CE3B28800588896 /* Apps */,
				08FFBBAC2CE3B28800588896 /* Enums */,
				08FFBBAF2CE3B28800588896 /* Extensions */,
				08FFBBB42CE3B28800588896 /* Models */,
				08FFBBB62CE3B28800588896 /* Preview Content */,
				08FFBBBB2CE3B28800588896 /* Utilities */,
				08FFBBC72CE3B28800588896 /* Views */,
				08FFBBC82CE3B28800588896 /* Assets.xcassets */,
				08FFBBC92CE3B28800588896 /* Basebook.entitlements */,
				08FFBBCA2CE3B28800588896 /* Localizable.xcstrings */,
			);
			path = Basebook;
			sourceTree = "<group>";
		};
		08FFBBE92CE3B28E00588896 /* BasebookTests */ = {
			isa = PBXGroup;
			children = (
				08FFBBE62CE3B28E00588896 /* BasebookTests.swift */,
				08FFBBE72CE3B28E00588896 /* ConversionsViewModelTests.swift */,
				08FFBBE82CE3B28E00588896 /* RadixConverterTests.swift */,
			);
			path = BasebookTests;
			sourceTree = "<group>";
		};
/* End PBXGroup section */

/* Begin PBXNativeTarget section */
		08AFD3CF2CCCF10E00564AFF /* Basebook */ = {
			isa = PBXNativeTarget;
			buildConfigurationList = 08AFD3DE2CCCF10F00564AFF /* Build configuration list for PBXNativeTarget "Basebook" */;
			buildPhases = (
				08AFD3CC2CCCF10E00564AFF /* Sources */,
				08AFD3CD2CCCF10E00564AFF /* Frameworks */,
				08AFD3CE2CCCF10E00564AFF /* Resources */,
			);
			buildRules = (
			);
			dependencies = (
			);
			name = Basebook;
			packageProductDependencies = (
			);
			productName = Basebook;
			productReference = 08AFD3D02CCCF10E00564AFF /* Basebook.app */;
			productType = "com.apple.product-type.application";
		};
		08AFD3F72CCF915200564AFF /* BasebookTests */ = {
			isa = PBXNativeTarget;
			buildConfigurationList = 08AFD3FE2CCF915200564AFF /* Build configuration list for PBXNativeTarget "BasebookTests" */;
			buildPhases = (
				08AFD3F42CCF915200564AFF /* Sources */,
				08AFD3F52CCF915200564AFF /* Frameworks */,
				08AFD3F62CCF915200564AFF /* Resources */,
			);
			buildRules = (
			);
			dependencies = (
				08AFD3FD2CCF915200564AFF /* PBXTargetDependency */,
			);
			name = BasebookTests;
			packageProductDependencies = (
			);
			productName = BasebookTests;
			productReference = 08AFD3F82CCF915200564AFF /* BasebookTests.xctest */;
			productType = "com.apple.product-type.bundle.unit-test";
		};
/* End PBXNativeTarget section */

/* Begin PBXProject section */
		08AFD3C82CCCF10E00564AFF /* Project object */ = {
			isa = PBXProject;
			attributes = {
				BuildIndependentTargetsInParallel = 1;
				LastSwiftUpdateCheck = 1600;
				LastUpgradeCheck = 1610;
				TargetAttributes = {
					08AFD3CF2CCCF10E00564AFF = {
						CreatedOnToolsVersion = 16.0;
					};
					08AFD3F72CCF915200564AFF = {
						CreatedOnToolsVersion = 16.0;
						TestTargetID = 08AFD3CF2CCCF10E00564AFF;
					};
				};
			};
			buildConfigurationList = 08AFD3CB2CCCF10E00564AFF /* Build configuration list for PBXProject "Basebook" */;
			developmentRegion = en;
			hasScannedForEncodings = 0;
			knownRegions = (
				en,
				Base,
				es,
				fr,
			);
			mainGroup = 08AFD3C72CCCF10E00564AFF;
			minimizedProjectReferenceProxies = 1;
			preferredProjectObjectVersion = 77;
			productRefGroup = 08AFD3D12CCCF10E00564AFF /* Products */;
			projectDirPath = "";
			projectRoot = "";
			targets = (
				08AFD3CF2CCCF10E00564AFF /* Basebook */,
				08AFD3F72CCF915200564AFF /* BasebookTests */,
			);
		};
/* End PBXProject section */

/* Begin PBXResourcesBuildPhase section */
		08AFD3CE2CCCF10E00564AFF /* Resources */ = {
			isa = PBXResourcesBuildPhase;
			buildActionMask = 2147483647;
			files = (
				08FFBBCC2CE3B28800588896 /* Preview Assets.xcassets in Resources */,
				08FFBBCD2CE3B28800588896 /* Assets.xcassets in Resources */,
				08FFBBCE2CE3B28800588896 /* Localizable.xcstrings in Resources */,
			);
			runOnlyForDeploymentPostprocessing = 0;
		};
		08AFD3F62CCF915200564AFF /* Resources */ = {
			isa = PBXResourcesBuildPhase;
			buildActionMask = 2147483647;
			files = (
			);
			runOnlyForDeploymentPostprocessing = 0;
		};
/* End PBXResourcesBuildPhase section */

/* Begin PBXSourcesBuildPhase section */
		08AFD3CC2CCCF10E00564AFF /* Sources */ = {
			isa = PBXSourcesBuildPhase;
			buildActionMask = 2147483647;
			files = (
				08FFBBCF2CE3B28800588896 /* BasebookApp.swift in Sources */,
				08FFBBD02CE3B28800588896 /* ConversionError.swift in Sources */,
				08FFBBD12CE3B28800588896 /* Radix.swift in Sources */,
				08FFBBD22CE3B28800588896 /* Date+Format.swift in Sources */,
				08FFBBD32CE3B28800588896 /* View+Gradient.swift in Sources */,
				08FFBBD42CE3B28800588896 /* RadixConversion.swift in Sources */,
				08FFBBD52CE3B28800588896 /* RadixConversionSet.swift in Sources */,
				08FFBBD62CE3B28800588896 /* RadixConversionSet+SampleData.swift in Sources */,
				08FFBBD72CE3B28800588896 /* RadixConverter.swift in Sources */,
				08FFBBD92CE3B28800588896 /* PrimaryGradientBackground.swift in Sources */,
				08FFBBDA2CE3B28800588896 /* SampleData.swift in Sources */,
				08FFBBDB2CE3B28800588896 /* SecondaryGradientBackground.swift in Sources */,
				08FFBBDD2CE3B28800588896 /* ContentView.swift in Sources */,
				08FFBBDE2CE3B28800588896 /* RadixConversionListEmpty.swift in Sources */,
				08FF5B5D2CE4C2EB00A1F7FC /* RadixConversionSet+RadixConversion.swift in Sources */,
				08FFBBDF2CE3B28800588896 /* HistoryList.swift in Sources */,
				08FFBBE02CE3B28800588896 /* HistoryListRow.swift in Sources */,
				08FFBBE12CE3B28800588896 /* ListRow.swift in Sources */,
				08FF5B592CE4AABA00A1F7FC /* URLs.swift in Sources */,
				08FF5B612CE4C9FB00A1F7FC /* RadixSelector.swift in Sources */,
				08FFBBE22CE3B28800588896 /* HistoryListSectionHeader.swift in Sources */,
				08FFBBE32CE3B28800588896 /* Support.swift in Sources */,
				08FFBBE42CE3B28800588896 /* Welcome.swift in Sources */,
				08FF5B5B2CE4AF1400A1F7FC /* RadixConversionUtilities.swift in Sources */,
				08FFBBE52CE3B28800588896 /* WhatsNew.swift in Sources */,
				08FF5B5F2CE4C77B00A1F7FC /* RadixConversionList.swift in Sources */,
			);
			runOnlyForDeploymentPostprocessing = 0;
		};
		08AFD3F42CCF915200564AFF /* Sources */ = {
			isa = PBXSourcesBuildPhase;
			buildActionMask = 2147483647;
			files = (
				08FFBBEA2CE3B28E00588896 /* BasebookTests.swift in Sources */,
				08FFBBEB2CE3B28E00588896 /* ConversionsViewModelTests.swift in Sources */,
				08FFBBEC2CE3B28E00588896 /* RadixConverterTests.swift in Sources */,
			);
			runOnlyForDeploymentPostprocessing = 0;
		};
/* End PBXSourcesBuildPhase section */

/* Begin PBXTargetDependency section */
		08AFD3FD2CCF915200564AFF /* PBXTargetDependency */ = {
			isa = PBXTargetDependency;
			target = 08AFD3CF2CCCF10E00564AFF /* Basebook */;
			targetProxy = 08AFD3FC2CCF915200564AFF /* PBXContainerItemProxy */;
		};
/* End PBXTargetDependency section */

/* Begin XCBuildConfiguration section */
		08AFD3DC2CCCF10F00564AFF /* Debug */ = {
			isa = XCBuildConfiguration;
			buildSettings = {
				ALWAYS_SEARCH_USER_PATHS = NO;
				ASSETCATALOG_COMPILER_GENERATE_SWIFT_ASSET_SYMBOL_EXTENSIONS = YES;
				CLANG_ANALYZER_LOCALIZABILITY_NONLOCALIZED = YES;
				CLANG_ANALYZER_NONNULL = YES;
				CLANG_ANALYZER_NUMBER_OBJECT_CONVERSION = YES_AGGRESSIVE;
				CLANG_CXX_LANGUAGE_STANDARD = "gnu++20";
				CLANG_ENABLE_MODULES = YES;
				CLANG_ENABLE_OBJC_ARC = YES;
				CLANG_ENABLE_OBJC_WEAK = YES;
				CLANG_WARN_BLOCK_CAPTURE_AUTORELEASING = YES;
				CLANG_WARN_BOOL_CONVERSION = YES;
				CLANG_WARN_COMMA = YES;
				CLANG_WARN_CONSTANT_CONVERSION = YES;
				CLANG_WARN_DEPRECATED_OBJC_IMPLEMENTATIONS = YES;
				CLANG_WARN_DIRECT_OBJC_ISA_USAGE = YES_ERROR;
				CLANG_WARN_DOCUMENTATION_COMMENTS = YES;
				CLANG_WARN_EMPTY_BODY = YES;
				CLANG_WARN_ENUM_CONVERSION = YES;
				CLANG_WARN_INFINITE_RECURSION = YES;
				CLANG_WARN_INT_CONVERSION = YES;
				CLANG_WARN_NON_LITERAL_NULL_CONVERSION = YES;
				CLANG_WARN_OBJC_IMPLICIT_RETAIN_SELF = YES;
				CLANG_WARN_OBJC_LITERAL_CONVERSION = YES;
				CLANG_WARN_OBJC_ROOT_CLASS = YES_ERROR;
				CLANG_WARN_QUOTED_INCLUDE_IN_FRAMEWORK_HEADER = YES;
				CLANG_WARN_RANGE_LOOP_ANALYSIS = YES;
				CLANG_WARN_STRICT_PROTOTYPES = YES;
				CLANG_WARN_SUSPICIOUS_MOVE = YES;
				CLANG_WARN_UNGUARDED_AVAILABILITY = YES_AGGRESSIVE;
				CLANG_WARN_UNREACHABLE_CODE = YES;
				CLANG_WARN__DUPLICATE_METHOD_MATCH = YES;
				COPY_PHASE_STRIP = NO;
				DEBUG_INFORMATION_FORMAT = dwarf;
				ENABLE_STRICT_OBJC_MSGSEND = YES;
				ENABLE_TESTABILITY = YES;
				ENABLE_USER_SCRIPT_SANDBOXING = YES;
				GCC_C_LANGUAGE_STANDARD = gnu17;
				GCC_DYNAMIC_NO_PIC = NO;
				GCC_NO_COMMON_BLOCKS = YES;
				GCC_OPTIMIZATION_LEVEL = 0;
				GCC_PREPROCESSOR_DEFINITIONS = (
					"DEBUG=1",
					"$(inherited)",
				);
				GCC_WARN_64_TO_32_BIT_CONVERSION = YES;
				GCC_WARN_ABOUT_RETURN_TYPE = YES_ERROR;
				GCC_WARN_UNDECLARED_SELECTOR = YES;
				GCC_WARN_UNINITIALIZED_AUTOS = YES_AGGRESSIVE;
				GCC_WARN_UNUSED_FUNCTION = YES;
				GCC_WARN_UNUSED_VARIABLE = YES;
				IPHONEOS_DEPLOYMENT_TARGET = 18.0;
				LOCALIZATION_PREFERS_STRING_CATALOGS = YES;
				MTL_ENABLE_DEBUG_INFO = INCLUDE_SOURCE;
				MTL_FAST_MATH = YES;
				ONLY_ACTIVE_ARCH = YES;
				SDKROOT = iphoneos;
				SWIFT_ACTIVE_COMPILATION_CONDITIONS = "DEBUG $(inherited)";
				SWIFT_EMIT_LOC_STRINGS = YES;
				SWIFT_OPTIMIZATION_LEVEL = "-Onone";
			};
			name = Debug;
		};
		08AFD3DD2CCCF10F00564AFF /* Release */ = {
			isa = XCBuildConfiguration;
			buildSettings = {
				ALWAYS_SEARCH_USER_PATHS = NO;
				ASSETCATALOG_COMPILER_GENERATE_SWIFT_ASSET_SYMBOL_EXTENSIONS = YES;
				CLANG_ANALYZER_LOCALIZABILITY_NONLOCALIZED = YES;
				CLANG_ANALYZER_NONNULL = YES;
				CLANG_ANALYZER_NUMBER_OBJECT_CONVERSION = YES_AGGRESSIVE;
				CLANG_CXX_LANGUAGE_STANDARD = "gnu++20";
				CLANG_ENABLE_MODULES = YES;
				CLANG_ENABLE_OBJC_ARC = YES;
				CLANG_ENABLE_OBJC_WEAK = YES;
				CLANG_WARN_BLOCK_CAPTURE_AUTORELEASING = YES;
				CLANG_WARN_BOOL_CONVERSION = YES;
				CLANG_WARN_COMMA = YES;
				CLANG_WARN_CONSTANT_CONVERSION = YES;
				CLANG_WARN_DEPRECATED_OBJC_IMPLEMENTATIONS = YES;
				CLANG_WARN_DIRECT_OBJC_ISA_USAGE = YES_ERROR;
				CLANG_WARN_DOCUMENTATION_COMMENTS = YES;
				CLANG_WARN_EMPTY_BODY = YES;
				CLANG_WARN_ENUM_CONVERSION = YES;
				CLANG_WARN_INFINITE_RECURSION = YES;
				CLANG_WARN_INT_CONVERSION = YES;
				CLANG_WARN_NON_LITERAL_NULL_CONVERSION = YES;
				CLANG_WARN_OBJC_IMPLICIT_RETAIN_SELF = YES;
				CLANG_WARN_OBJC_LITERAL_CONVERSION = YES;
				CLANG_WARN_OBJC_ROOT_CLASS = YES_ERROR;
				CLANG_WARN_QUOTED_INCLUDE_IN_FRAMEWORK_HEADER = YES;
				CLANG_WARN_RANGE_LOOP_ANALYSIS = YES;
				CLANG_WARN_STRICT_PROTOTYPES = YES;
				CLANG_WARN_SUSPICIOUS_MOVE = YES;
				CLANG_WARN_UNGUARDED_AVAILABILITY = YES_AGGRESSIVE;
				CLANG_WARN_UNREACHABLE_CODE = YES;
				CLANG_WARN__DUPLICATE_METHOD_MATCH = YES;
				COPY_PHASE_STRIP = NO;
				DEBUG_INFORMATION_FORMAT = "dwarf-with-dsym";
				ENABLE_NS_ASSERTIONS = NO;
				ENABLE_STRICT_OBJC_MSGSEND = YES;
				ENABLE_USER_SCRIPT_SANDBOXING = YES;
				GCC_C_LANGUAGE_STANDARD = gnu17;
				GCC_NO_COMMON_BLOCKS = YES;
				GCC_WARN_64_TO_32_BIT_CONVERSION = YES;
				GCC_WARN_ABOUT_RETURN_TYPE = YES_ERROR;
				GCC_WARN_UNDECLARED_SELECTOR = YES;
				GCC_WARN_UNINITIALIZED_AUTOS = YES_AGGRESSIVE;
				GCC_WARN_UNUSED_FUNCTION = YES;
				GCC_WARN_UNUSED_VARIABLE = YES;
				IPHONEOS_DEPLOYMENT_TARGET = 18.0;
				LOCALIZATION_PREFERS_STRING_CATALOGS = YES;
				MTL_ENABLE_DEBUG_INFO = NO;
				MTL_FAST_MATH = YES;
				SDKROOT = iphoneos;
				SWIFT_COMPILATION_MODE = wholemodule;
				SWIFT_EMIT_LOC_STRINGS = YES;
				VALIDATE_PRODUCT = YES;
			};
			name = Release;
		};
		08AFD3DF2CCCF10F00564AFF /* Debug */ = {
			isa = XCBuildConfiguration;
			buildSettings = {
				ASSETCATALOG_COMPILER_APPICON_NAME = AppIcon;
				ASSETCATALOG_COMPILER_GLOBAL_ACCENT_COLOR_NAME = AccentColor;
				ASSETCATALOG_COMPILER_INCLUDE_ALL_APPICON_ASSETS = NO;
				CODE_SIGN_ENTITLEMENTS = Basebook/Basebook.entitlements;
				CODE_SIGN_STYLE = Automatic;
				CURRENT_PROJECT_VERSION = 1;
				DEVELOPMENT_ASSET_PATHS = "\"Basebook/Preview Content\"";
				DEVELOPMENT_TEAM = ZP4QTMB37S;
				ENABLE_PREVIEWS = YES;
				GENERATE_INFOPLIST_FILE = YES;
				INFOPLIST_KEY_CFBundleDisplayName = Basebook;
				INFOPLIST_KEY_LSApplicationCategoryType = "public.app-category.education";
				INFOPLIST_KEY_UIApplicationSceneManifest_Generation = YES;
				INFOPLIST_KEY_UIApplicationSupportsIndirectInputEvents = YES;
				INFOPLIST_KEY_UILaunchScreen_Generation = YES;
				INFOPLIST_KEY_UISupportedInterfaceOrientations = UIInterfaceOrientationPortrait;
				INFOPLIST_KEY_UISupportedInterfaceOrientations_iPad = "UIInterfaceOrientationLandscapeLeft UIInterfaceOrientationLandscapeRight UIInterfaceOrientationPortrait UIInterfaceOrientationPortraitUpsideDown";
				IPHONEOS_DEPLOYMENT_TARGET = 17.6;
				LD_RUNPATH_SEARCH_PATHS = (
					"$(inherited)",
					"@executable_path/Frameworks",
				);
				MARKETING_VERSION = 1.0.1;
				PRODUCT_BUNDLE_IDENTIFIER = dev.mzio.Basebook;
				PRODUCT_NAME = "$(TARGET_NAME)";
				SUPPORTED_PLATFORMS = "iphoneos iphonesimulator";
				SUPPORTS_MACCATALYST = NO;
				SUPPORTS_MAC_DESIGNED_FOR_IPHONE_IPAD = NO;
				SUPPORTS_XR_DESIGNED_FOR_IPHONE_IPAD = NO;
				SWIFT_EMIT_LOC_STRINGS = YES;
				SWIFT_VERSION = 5.0;
				TARGETED_DEVICE_FAMILY = 1;
			};
			name = Debug;
		};
		08AFD3E02CCCF10F00564AFF /* Release */ = {
			isa = XCBuildConfiguration;
			buildSettings = {
				ASSETCATALOG_COMPILER_APPICON_NAME = AppIcon;
				ASSETCATALOG_COMPILER_GLOBAL_ACCENT_COLOR_NAME = AccentColor;
				ASSETCATALOG_COMPILER_INCLUDE_ALL_APPICON_ASSETS = NO;
				CODE_SIGN_ENTITLEMENTS = Basebook/Basebook.entitlements;
				CODE_SIGN_STYLE = Automatic;
				CURRENT_PROJECT_VERSION = 1;
				DEVELOPMENT_ASSET_PATHS = "\"Basebook/Preview Content\"";
				DEVELOPMENT_TEAM = ZP4QTMB37S;
				ENABLE_PREVIEWS = YES;
				GENERATE_INFOPLIST_FILE = YES;
				INFOPLIST_KEY_CFBundleDisplayName = Basebook;
				INFOPLIST_KEY_LSApplicationCategoryType = "public.app-category.education";
				INFOPLIST_KEY_UIApplicationSceneManifest_Generation = YES;
				INFOPLIST_KEY_UIApplicationSupportsIndirectInputEvents = YES;
				INFOPLIST_KEY_UILaunchScreen_Generation = YES;
				INFOPLIST_KEY_UISupportedInterfaceOrientations = UIInterfaceOrientationPortrait;
				INFOPLIST_KEY_UISupportedInterfaceOrientations_iPad = "UIInterfaceOrientationLandscapeLeft UIInterfaceOrientationLandscapeRight UIInterfaceOrientationPortrait UIInterfaceOrientationPortraitUpsideDown";
				IPHONEOS_DEPLOYMENT_TARGET = 17.6;
				LD_RUNPATH_SEARCH_PATHS = (
					"$(inherited)",
					"@executable_path/Frameworks",
				);
				MARKETING_VERSION = 1.0.1;
				PRODUCT_BUNDLE_IDENTIFIER = dev.mzio.Basebook;
				PRODUCT_NAME = "$(TARGET_NAME)";
				SUPPORTED_PLATFORMS = "iphoneos iphonesimulator";
				SUPPORTS_MACCATALYST = NO;
				SUPPORTS_MAC_DESIGNED_FOR_IPHONE_IPAD = NO;
				SUPPORTS_XR_DESIGNED_FOR_IPHONE_IPAD = NO;
				SWIFT_EMIT_LOC_STRINGS = YES;
				SWIFT_VERSION = 5.0;
				TARGETED_DEVICE_FAMILY = 1;
			};
			name = Release;
		};
		08AFD3FF2CCF915200564AFF /* Debug */ = {
			isa = XCBuildConfiguration;
			buildSettings = {
				BUNDLE_LOADER = "$(TEST_HOST)";
				CODE_SIGN_STYLE = Automatic;
				CURRENT_PROJECT_VERSION = 1;
				DEVELOPMENT_TEAM = ZP4QTMB37S;
				GENERATE_INFOPLIST_FILE = YES;
				IPHONEOS_DEPLOYMENT_TARGET = 17.6;
				MARKETING_VERSION = 1.0;
				PRODUCT_BUNDLE_IDENTIFIER = dev.mzio.BasebookTests;
				PRODUCT_NAME = "$(TARGET_NAME)";
				SWIFT_EMIT_LOC_STRINGS = NO;
				SWIFT_VERSION = 5.0;
				TARGETED_DEVICE_FAMILY = "1,2";
				TEST_HOST = "$(BUILT_PRODUCTS_DIR)/Basebook.app/$(BUNDLE_EXECUTABLE_FOLDER_PATH)/Basebook";
			};
			name = Debug;
		};
		08AFD4002CCF915200564AFF /* Release */ = {
			isa = XCBuildConfiguration;
			buildSettings = {
				BUNDLE_LOADER = "$(TEST_HOST)";
				CODE_SIGN_STYLE = Automatic;
				CURRENT_PROJECT_VERSION = 1;
				DEVELOPMENT_TEAM = ZP4QTMB37S;
				GENERATE_INFOPLIST_FILE = YES;
				IPHONEOS_DEPLOYMENT_TARGET = 17.6;
				MARKETING_VERSION = 1.0;
				PRODUCT_BUNDLE_IDENTIFIER = dev.mzio.BasebookTests;
				PRODUCT_NAME = "$(TARGET_NAME)";
				SWIFT_EMIT_LOC_STRINGS = NO;
				SWIFT_VERSION = 5.0;
				TARGETED_DEVICE_FAMILY = "1,2";
				TEST_HOST = "$(BUILT_PRODUCTS_DIR)/Basebook.app/$(BUNDLE_EXECUTABLE_FOLDER_PATH)/Basebook";
			};
			name = Release;
		};
/* End XCBuildConfiguration section */

/* Begin XCConfigurationList section */
		08AFD3CB2CCCF10E00564AFF /* Build configuration list for PBXProject "Basebook" */ = {
			isa = XCConfigurationList;
			buildConfigurations = (
				08AFD3DC2CCCF10F00564AFF /* Debug */,
				08AFD3DD2CCCF10F00564AFF /* Release */,
			);
			defaultConfigurationIsVisible = 0;
			defaultConfigurationName = Release;
		};
		08AFD3DE2CCCF10F00564AFF /* Build configuration list for PBXNativeTarget "Basebook" */ = {
			isa = XCConfigurationList;
			buildConfigurations = (
				08AFD3DF2CCCF10F00564AFF /* Debug */,
				08AFD3E02CCCF10F00564AFF /* Release */,
			);
			defaultConfigurationIsVisible = 0;
			defaultConfigurationName = Release;
		};
		08AFD3FE2CCF915200564AFF /* Build configuration list for PBXNativeTarget "BasebookTests" */ = {
			isa = XCConfigurationList;
			buildConfigurations = (
				08AFD3FF2CCF915200564AFF /* Debug */,
				08AFD4002CCF915200564AFF /* Release */,
			);
			defaultConfigurationIsVisible = 0;
			defaultConfigurationName = Release;
		};
/* End XCConfigurationList section */
	};
	rootObject = 08AFD3C82CCCF10E00564AFF /* Project object */;
}
